
Microsoft Visual Studio Solution File, Format Version 12.00
# Visual Studio Version 16
VisualStudioVersion = 16.0.30907.101
MinimumVisualStudioVersion = 10.0.40219.1
Project("{FAE04EC0-301F-11D3-BF4B-00C04F79EFBC}") = "Calculadora.App", "Calculadora.App\Calculadora.App.csproj", "{BAEB082F-7957-42FB-8BE1-FFBB4E787785}"
EndProject
Global
	GlobalSection(SolutionConfigurationPlatforms) = preSolution
		Debug|Any CPU = Debug|Any CPU
		Release|Any CPU = Release|Any CPU
	EndGlobalSection
	GlobalSection(ProjectConfigurationPlatforms) = postSolution
		{BAEB082F-7957-42FB-8BE1-FFBB4E787785}.Debug|Any CPU.ActiveCfg = Debug|Any CPU
		{BAEB082F-7957-42FB-8BE1-FFBB4E787785}.Debug|Any CPU.Build.0 = Debug|Any CPU
		{BAEB082F-7957-42FB-8BE1-FFBB4E787785}.Release|Any CPU.ActiveCfg = Release|Any CPU
		{BAEB082F-7957-42FB-8BE1-FFBB4E787785}.Release|Any CPU.Build.0 = Release|Any CPU
	EndGlobalSection
	GlobalSection(SolutionProperties) = preSolution
		HideSolutionNode = FALSE
	EndGlobalSection
	GlobalSection(ExtensibilityGlobals) = postSolution
		SolutionGuid = {6D93E070-4608-4879-A91A-A8D2C22085F2}
	EndGlobalSection
EndGlobal
